
Microsoft Visual Studio Solution File, Format Version 12.00
# Visual Studio Version 17
VisualStudioVersion = 17.11.35327.3
MinimumVisualStudioVersion = 10.0.40219.1
Project("{8BC9CEB8-8B4A-11D0-8D11-00A0C91BC942}") = "Program", "Program.vcxproj", "{D20560A2-181D-4A9B-B5E2-B2E4F197C0E6}"
EndProject
Project("{8BC9CEB8-8B4A-11D0-8D11-00A0C91BC942}") = "Class1th (Stream)", "..\Class1th (Stream)\Class1th (Stream).vcxproj", "{08BAD416-175F-4B02-94C4-DEAFC4659A22}"
EndProject
Project("{8BC9CEB8-8B4A-11D0-8D11-00A0C91BC942}") = "Class2th (class)", "..\Class2th (class)\Class2th (class).vcxproj", "{70619AB8-D228-491C-864F-4209F9EA5A35}"
EndProject
Project("{8BC9CEB8-8B4A-11D0-8D11-00A0C91BC942}") = "Class3th (Constructor & Destructor)", "..\Class3th (Constructor & Destructor)\Class3th (Constructor & Destructor).vcxproj", "{E8854336-8250-4E5E-B8D9-B88F5A9B9CB8}"
EndProject
Project("{8BC9CEB8-8B4A-11D0-8D11-00A0C91BC942}") = "Class4th", "..\Class4th\Class4th.vcxproj", "{ED2B7AD5-CC97-4F1F-A1EC-E2AFAEF466CD}"
EndProject
Project("{8BC9CEB8-8B4A-11D0-8D11-00A0C91BC942}") = "Class5th (Interawe", "..\Class5th (Interawe\Class5th (Interawe.vcxproj", "{49B26042-1280-47AC-80AB-4826E71067A6}"
EndProject
Project("{8BC9CEB8-8B4A-11D0-8D11-00A0C91BC942}") = "Class6th(Polymorphism)", "..\Class6th(Polymorphism)\Class6th(Polymorphism).vcxproj", "{09B901C4-7531-45BB-BA90-65A3EB829C8B}"
EndProject
Project("{8BC9CEB8-8B4A-11D0-8D11-00A0C91BC942}") = "Class7th (Virture Function)", "..\Class7th (Virture Function)\Class7th (Virture Function).vcxproj", "{51304EFB-1BB1-424B-98DB-3FCB3854B73A}"
EndProject
Project("{8BC9CEB8-8B4A-11D0-8D11-00A0C91BC942}") = "Class8th", "..\Class8th\Class8th.vcxproj", "{0685192C-20E0-4D15-9867-89A1AB0B8B50}"
EndProject
Project("{8BC9CEB8-8B4A-11D0-8D11-00A0C91BC942}") = "Class9th", "..\Class9th\Class9th.vcxproj", "{74E70723-199D-448F-8888-B5ED2E549253}"
EndProject
Project("{8BC9CEB8-8B4A-11D0-8D11-00A0C91BC942}") = "Class10th (template)", "..\Class10th (template)\Class10th (template).vcxproj", "{C2210028-13A7-496F-B90D-B198F6D53716}"
EndProject
Project("{8BC9CEB8-8B4A-11D0-8D11-00A0C91BC942}") = "Class11th (Smart Pointer)", "..\Class11th (Smart Pointer)\Class11th (Smart Pointer).vcxproj", "{CD0DBC5F-FD3D-40CD-B2CA-AF96FF807070}"
EndProject
Project("{8BC9CEB8-8B4A-11D0-8D11-00A0C91BC942}") = "Class12th (Thread)", "..\Class12th(thread)\Class12th(thread).vcxproj", "{741EB6C7-82C4-4800-A840-BF004B10A917}"
EndProject
Project("{8BC9CEB8-8B4A-11D0-8D11-00A0C91BC942}") = "Class13th(Linear container)", "..\Class14th(Linear container)\Class14th(Linear container).vcxproj", "{FAF9C4DC-951C-4289-B338-1FFB4AF4D013}"
EndProject
Project("{8BC9CEB8-8B4A-11D0-8D11-00A0C91BC942}") = "Class14th", "..\Class15th\Class15th.vcxproj", "{B57CA9D0-6267-4AFC-8E6F-F122749E3A67}"
EndProject
Project("{8BC9CEB8-8B4A-11D0-8D11-00A0C91BC942}") = "Class15th", "..\Class16th\Class16th.vcxproj", "{D54A42F4-5292-44B4-8CAE-E2C1A63EE8E2}"
EndProject
Global
	GlobalSection(SolutionConfigurationPlatforms) = preSolution
		Debug|x64 = Debug|x64
		Debug|x86 = Debug|x86
		Release|x64 = Release|x64
		Release|x86 = Release|x86
	EndGlobalSection
	GlobalSection(ProjectConfigurationPlatforms) = postSolution
		{D20560A2-181D-4A9B-B5E2-B2E4F197C0E6}.Debug|x64.ActiveCfg = Debug|x64
		{D20560A2-181D-4A9B-B5E2-B2E4F197C0E6}.Debug|x64.Build.0 = Debug|x64
		{D20560A2-181D-4A9B-B5E2-B2E4F197C0E6}.Debug|x86.ActiveCfg = Debug|Win32
		{D20560A2-181D-4A9B-B5E2-B2E4F197C0E6}.Debug|x86.Build.0 = Debug|Win32
		{D20560A2-181D-4A9B-B5E2-B2E4F197C0E6}.Release|x64.ActiveCfg = Release|x64
		{D20560A2-181D-4A9B-B5E2-B2E4F197C0E6}.Release|x64.Build.0 = Release|x64
		{D20560A2-181D-4A9B-B5E2-B2E4F197C0E6}.Release|x86.ActiveCfg = Release|Win32
		{D20560A2-181D-4A9B-B5E2-B2E4F197C0E6}.Release|x86.Build.0 = Release|Win32
		{08BAD416-175F-4B02-94C4-DEAFC4659A22}.Debug|x64.ActiveCfg = Debug|x64
		{08BAD416-175F-4B02-94C4-DEAFC4659A22}.Debug|x64.Build.0 = Debug|x64
		{08BAD416-175F-4B02-94C4-DEAFC4659A22}.Debug|x86.ActiveCfg = Debug|Win32
		{08BAD416-175F-4B02-94C4-DEAFC4659A22}.Debug|x86.Build.0 = Debug|Win32
		{08BAD416-175F-4B02-94C4-DEAFC4659A22}.Release|x64.ActiveCfg = Release|x64
		{08BAD416-175F-4B02-94C4-DEAFC4659A22}.Release|x64.Build.0 = Release|x64
		{08BAD416-175F-4B02-94C4-DEAFC4659A22}.Release|x86.ActiveCfg = Release|Win32
		{08BAD416-175F-4B02-94C4-DEAFC4659A22}.Release|x86.Build.0 = Release|Win32
		{70619AB8-D228-491C-864F-4209F9EA5A35}.Debug|x64.ActiveCfg = Debug|x64
		{70619AB8-D228-491C-864F-4209F9EA5A35}.Debug|x64.Build.0 = Debug|x64
		{70619AB8-D228-491C-864F-4209F9EA5A35}.Debug|x86.ActiveCfg = Debug|Win32
		{70619AB8-D228-491C-864F-4209F9EA5A35}.Debug|x86.Build.0 = Debug|Win32
		{70619AB8-D228-491C-864F-4209F9EA5A35}.Release|x64.ActiveCfg = Release|x64
		{70619AB8-D228-491C-864F-4209F9EA5A35}.Release|x64.Build.0 = Release|x64
		{70619AB8-D228-491C-864F-4209F9EA5A35}.Release|x86.ActiveCfg = Release|Win32
		{70619AB8-D228-491C-864F-4209F9EA5A35}.Release|x86.Build.0 = Release|Win32
		{E8854336-8250-4E5E-B8D9-B88F5A9B9CB8}.Debug|x64.ActiveCfg = Debug|x64
		{E8854336-8250-4E5E-B8D9-B88F5A9B9CB8}.Debug|x64.Build.0 = Debug|x64
		{E8854336-8250-4E5E-B8D9-B88F5A9B9CB8}.Debug|x86.ActiveCfg = Debug|Win32
		{E8854336-8250-4E5E-B8D9-B88F5A9B9CB8}.Debug|x86.Build.0 = Debug|Win32
		{E8854336-8250-4E5E-B8D9-B88F5A9B9CB8}.Release|x64.ActiveCfg = Release|x64
		{E8854336-8250-4E5E-B8D9-B88F5A9B9CB8}.Release|x64.Build.0 = Release|x64
		{E8854336-8250-4E5E-B8D9-B88F5A9B9CB8}.Release|x86.ActiveCfg = Release|Win32
		{E8854336-8250-4E5E-B8D9-B88F5A9B9CB8}.Release|x86.Build.0 = Release|Win32
		{ED2B7AD5-CC97-4F1F-A1EC-E2AFAEF466CD}.Debug|x64.ActiveCfg = Debug|x64
		{ED2B7AD5-CC97-4F1F-A1EC-E2AFAEF466CD}.Debug|x64.Build.0 = Debug|x64
		{ED2B7AD5-CC97-4F1F-A1EC-E2AFAEF466CD}.Debug|x86.ActiveCfg = Debug|Win32
		{ED2B7AD5-CC97-4F1F-A1EC-E2AFAEF466CD}.Debug|x86.Build.0 = Debug|Win32
		{ED2B7AD5-CC97-4F1F-A1EC-E2AFAEF466CD}.Release|x64.ActiveCfg = Release|x64
		{ED2B7AD5-CC97-4F1F-A1EC-E2AFAEF466CD}.Release|x64.Build.0 = Release|x64
		{ED2B7AD5-CC97-4F1F-A1EC-E2AFAEF466CD}.Release|x86.ActiveCfg = Release|Win32
		{ED2B7AD5-CC97-4F1F-A1EC-E2AFAEF466CD}.Release|x86.Build.0 = Release|Win32
		{49B26042-1280-47AC-80AB-4826E71067A6}.Debug|x64.ActiveCfg = Debug|x64
		{49B26042-1280-47AC-80AB-4826E71067A6}.Debug|x64.Build.0 = Debug|x64
		{49B26042-1280-47AC-80AB-4826E71067A6}.Debug|x86.ActiveCfg = Debug|Win32
		{49B26042-1280-47AC-80AB-4826E71067A6}.Debug|x86.Build.0 = Debug|Win32
		{49B26042-1280-47AC-80AB-4826E71067A6}.Release|x64.ActiveCfg = Release|x64
		{49B26042-1280-47AC-80AB-4826E71067A6}.Release|x64.Build.0 = Release|x64
		{49B26042-1280-47AC-80AB-4826E71067A6}.Release|x86.ActiveCfg = Release|Win32
		{49B26042-1280-47AC-80AB-4826E71067A6}.Release|x86.Build.0 = Release|Win32
		{09B901C4-7531-45BB-BA90-65A3EB829C8B}.Debug|x64.ActiveCfg = Debug|x64
		{09B901C4-7531-45BB-BA90-65A3EB829C8B}.Debug|x64.Build.0 = Debug|x64
		{09B901C4-7531-45BB-BA90-65A3EB829C8B}.Debug|x86.ActiveCfg = Debug|Win32
		{09B901C4-7531-45BB-BA90-65A3EB829C8B}.Debug|x86.Build.0 = Debug|Win32
		{09B901C4-7531-45BB-BA90-65A3EB829C8B}.Release|x64.ActiveCfg = Release|x64
		{09B901C4-7531-45BB-BA90-65A3EB829C8B}.Release|x64.Build.0 = Release|x64
		{09B901C4-7531-45BB-BA90-65A3EB829C8B}.Release|x86.ActiveCfg = Release|Win32
		{09B901C4-7531-45BB-BA90-65A3EB829C8B}.Release|x86.Build.0 = Release|Win32
		{51304EFB-1BB1-424B-98DB-3FCB3854B73A}.Debug|x64.ActiveCfg = Debug|x64
		{51304EFB-1BB1-424B-98DB-3FCB3854B73A}.Debug|x64.Build.0 = Debug|x64
		{51304EFB-1BB1-424B-98DB-3FCB3854B73A}.Debug|x86.ActiveCfg = Debug|Win32
		{51304EFB-1BB1-424B-98DB-3FCB3854B73A}.Debug|x86.Build.0 = Debug|Win32
		{51304EFB-1BB1-424B-98DB-3FCB3854B73A}.Release|x64.ActiveCfg = Release|x64
		{51304EFB-1BB1-424B-98DB-3FCB3854B73A}.Release|x64.Build.0 = Release|x64
		{51304EFB-1BB1-424B-98DB-3FCB3854B73A}.Release|x86.ActiveCfg = Release|Win32
		{51304EFB-1BB1-424B-98DB-3FCB3854B73A}.Release|x86.Build.0 = Release|Win32
		{0685192C-20E0-4D15-9867-89A1AB0B8B50}.Debug|x64.ActiveCfg = Debug|x64
		{0685192C-20E0-4D15-9867-89A1AB0B8B50}.Debug|x64.Build.0 = Debug|x64
		{0685192C-20E0-4D15-9867-89A1AB0B8B50}.Debug|x86.ActiveCfg = Debug|Win32
		{0685192C-20E0-4D15-9867-89A1AB0B8B50}.Debug|x86.Build.0 = Debug|Win32
		{0685192C-20E0-4D15-9867-89A1AB0B8B50}.Release|x64.ActiveCfg = Release|x64
		{0685192C-20E0-4D15-9867-89A1AB0B8B50}.Release|x64.Build.0 = Release|x64
		{0685192C-20E0-4D15-9867-89A1AB0B8B50}.Release|x86.ActiveCfg = Release|Win32
		{0685192C-20E0-4D15-9867-89A1AB0B8B50}.Release|x86.Build.0 = Release|Win32
		{74E70723-199D-448F-8888-B5ED2E549253}.Debug|x64.ActiveCfg = Debug|x64
		{74E70723-199D-448F-8888-B5ED2E549253}.Debug|x64.Build.0 = Debug|x64
		{74E70723-199D-448F-8888-B5ED2E549253}.Debug|x86.ActiveCfg = Debug|Win32
		{74E70723-199D-448F-8888-B5ED2E549253}.Debug|x86.Build.0 = Debug|Win32
		{74E70723-199D-448F-8888-B5ED2E549253}.Release|x64.ActiveCfg = Release|x64
		{74E70723-199D-448F-8888-B5ED2E549253}.Release|x64.Build.0 = Release|x64
		{74E70723-199D-448F-8888-B5ED2E549253}.Release|x86.ActiveCfg = Release|Win32
		{74E70723-199D-448F-8888-B5ED2E549253}.Release|x86.Build.0 = Release|Win32
		{C2210028-13A7-496F-B90D-B198F6D53716}.Debug|x64.ActiveCfg = Debug|x64
		{C2210028-13A7-496F-B90D-B198F6D53716}.Debug|x64.Build.0 = Debug|x64
		{C2210028-13A7-496F-B90D-B198F6D53716}.Debug|x86.ActiveCfg = Debug|Win32
		{C2210028-13A7-496F-B90D-B198F6D53716}.Debug|x86.Build.0 = Debug|Win32
		{C2210028-13A7-496F-B90D-B198F6D53716}.Release|x64.ActiveCfg = Release|x64
		{C2210028-13A7-496F-B90D-B198F6D53716}.Release|x64.Build.0 = Release|x64
		{C2210028-13A7-496F-B90D-B198F6D53716}.Release|x86.ActiveCfg = Release|Win32
		{C2210028-13A7-496F-B90D-B198F6D53716}.Release|x86.Build.0 = Release|Win32
		{CD0DBC5F-FD3D-40CD-B2CA-AF96FF807070}.Debug|x64.ActiveCfg = Debug|x64
		{CD0DBC5F-FD3D-40CD-B2CA-AF96FF807070}.Debug|x64.Build.0 = Debug|x64
		{CD0DBC5F-FD3D-40CD-B2CA-AF96FF807070}.Debug|x86.ActiveCfg = Debug|Win32
		{CD0DBC5F-FD3D-40CD-B2CA-AF96FF807070}.Debug|x86.Build.0 = Debug|Win32
		{CD0DBC5F-FD3D-40CD-B2CA-AF96FF807070}.Release|x64.ActiveCfg = Release|x64
		{CD0DBC5F-FD3D-40CD-B2CA-AF96FF807070}.Release|x64.Build.0 = Release|x64
		{CD0DBC5F-FD3D-40CD-B2CA-AF96FF807070}.Release|x86.ActiveCfg = Release|Win32
		{CD0DBC5F-FD3D-40CD-B2CA-AF96FF807070}.Release|x86.Build.0 = Release|Win32
		{741EB6C7-82C4-4800-A840-BF004B10A917}.Debug|x64.ActiveCfg = Debug|x64
		{741EB6C7-82C4-4800-A840-BF004B10A917}.Debug|x64.Build.0 = Debug|x64
		{741EB6C7-82C4-4800-A840-BF004B10A917}.Debug|x86.ActiveCfg = Debug|Win32
		{741EB6C7-82C4-4800-A840-BF004B10A917}.Debug|x86.Build.0 = Debug|Win32
		{741EB6C7-82C4-4800-A840-BF004B10A917}.Release|x64.ActiveCfg = Release|x64
		{741EB6C7-82C4-4800-A840-BF004B10A917}.Release|x64.Build.0 = Release|x64
		{741EB6C7-82C4-4800-A840-BF004B10A917}.Release|x86.ActiveCfg = Release|Win32
		{741EB6C7-82C4-4800-A840-BF004B10A917}.Release|x86.Build.0 = Release|Win32
		{FAF9C4DC-951C-4289-B338-1FFB4AF4D013}.Debug|x64.ActiveCfg = Debug|x64
		{FAF9C4DC-951C-4289-B338-1FFB4AF4D013}.Debug|x64.Build.0 = Debug|x64
		{FAF9C4DC-951C-4289-B338-1FFB4AF4D013}.Debug|x86.ActiveCfg = Debug|Win32
		{FAF9C4DC-951C-4289-B338-1FFB4AF4D013}.Debug|x86.Build.0 = Debug|Win32
		{FAF9C4DC-951C-4289-B338-1FFB4AF4D013}.Release|x64.ActiveCfg = Release|x64
		{FAF9C4DC-951C-4289-B338-1FFB4AF4D013}.Release|x64.Build.0 = Release|x64
		{FAF9C4DC-951C-4289-B338-1FFB4AF4D013}.Release|x86.ActiveCfg = Release|Win32
		{FAF9C4DC-951C-4289-B338-1FFB4AF4D013}.Release|x86.Build.0 = Release|Win32
		{B57CA9D0-6267-4AFC-8E6F-F122749E3A67}.Debug|x64.ActiveCfg = Debug|x64
		{B57CA9D0-6267-4AFC-8E6F-F122749E3A67}.Debug|x64.Build.0 = Debug|x64
		{B57CA9D0-6267-4AFC-8E6F-F122749E3A67}.Debug|x86.ActiveCfg = Debug|Win32
		{B57CA9D0-6267-4AFC-8E6F-F122749E3A67}.Debug|x86.Build.0 = Debug|Win32
		{B57CA9D0-6267-4AFC-8E6F-F122749E3A67}.Release|x64.ActiveCfg = Release|x64
		{B57CA9D0-6267-4AFC-8E6F-F122749E3A67}.Release|x64.Build.0 = Release|x64
		{B57CA9D0-6267-4AFC-8E6F-F122749E3A67}.Release|x86.ActiveCfg = Release|Win32
		{B57CA9D0-6267-4AFC-8E6F-F122749E3A67}.Release|x86.Build.0 = Release|Win32
		{D54A42F4-5292-44B4-8CAE-E2C1A63EE8E2}.Debug|x64.ActiveCfg = Debug|x64
		{D54A42F4-5292-44B4-8CAE-E2C1A63EE8E2}.Debug|x64.Build.0 = Debug|x64
		{D54A42F4-5292-44B4-8CAE-E2C1A63EE8E2}.Debug|x86.ActiveCfg = Debug|Win32
		{D54A42F4-5292-44B4-8CAE-E2C1A63EE8E2}.Debug|x86.Build.0 = Debug|Win32
		{D54A42F4-5292-44B4-8CAE-E2C1A63EE8E2}.Release|x64.ActiveCfg = Release|x64
		{D54A42F4-5292-44B4-8CAE-E2C1A63EE8E2}.Release|x64.Build.0 = Release|x64
		{D54A42F4-5292-44B4-8CAE-E2C1A63EE8E2}.Release|x86.ActiveCfg = Release|Win32
		{D54A42F4-5292-44B4-8CAE-E2C1A63EE8E2}.Release|x86.Build.0 = Release|Win32
	EndGlobalSection
	GlobalSection(SolutionProperties) = preSolution
		HideSolutionNode = FALSE
	EndGlobalSection
	GlobalSection(ExtensibilityGlobals) = postSolution
		SolutionGuid = {D5E6AEFD-657A-49AB-86F1-3684CED1795C}
	EndGlobalSection
EndGlobal
