
Microsoft Visual Studio Solution File, Format Version 12.00
# Visual Studio Version 17
VisualStudioVersion = 17.11.35327.3
MinimumVisualStudioVersion = 10.0.40219.1
Project("{8BC9CEB8-8B4A-11D0-8D11-00A0C91BC942}") = "Program", "Program.vcxproj", "{D20560A2-181D-4A9B-B5E2-B2E4F197C0E6}"
EndProject
Project("{8BC9CEB8-8B4A-11D0-8D11-00A0C91BC942}") = "Class1th (Stream)", "..\Class1th (Stream)\Class1th (Stream).vcxproj", "{08BAD416-175F-4B02-94C4-DEAFC4659A22}"
EndProject
Project("{8BC9CEB8-8B4A-11D0-8D11-00A0C91BC942}") = "Class2th (class)", "..\Class2th (class)\Class2th (class).vcxproj", "{70619AB8-D228-491C-864F-4209F9EA5A35}"
EndProject
Project("{8BC9CEB8-8B4A-11D0-8D11-00A0C91BC942}") = "Class3th (Constructor & Destructor)", "..\Class3th (Constructor & Destructor)\Class3th (Constructor & Destructor).vcxproj", "{E8854336-8250-4E5E-B8D9-B88F5A9B9CB8}"
EndProject
Project("{8BC9CEB8-8B4A-11D0-8D11-00A0C91BC942}") = "Class4th", "..\Class4th\Class4th.vcxproj", "{ED2B7AD5-CC97-4F1F-A1EC-E2AFAEF466CD}"
EndProject
Project("{8BC9CEB8-8B4A-11D0-8D11-00A0C91BC942}") = "Class5th (Interawe", "..\Class5th (Interawe\Class5th (Interawe.vcxproj", "{49B26042-1280-47AC-80AB-4826E71067A6}"
EndProject
Project("{8BC9CEB8-8B4A-11D0-8D11-00A0C91BC942}") = "Class6th(Polymorphism)", "..\Class6th(Polymorphism)\Class6th(Polymorphism).vcxproj", "{09B901C4-7531-45BB-BA90-65A3EB829C8B}"
EndProject
Project("{8BC9CEB8-8B4A-11D0-8D11-00A0C91BC942}") = "Class7th (Virture Function)", "..\Class7th (Virture Function)\Class7th (Virture Function).vcxproj", "{51304EFB-1BB1-424B-98DB-3FCB3854B73A}"
EndProject
Project("{8BC9CEB8-8B4A-11D0-8D11-00A0C91BC942}") = "Class8th", "..\Class8th\Class8th.vcxproj", "{0685192C-20E0-4D15-9867-89A1AB0B8B50}"
EndProject
Global
	GlobalSection(SolutionConfigurationPlatforms) = preSolution
		Debug|x64 = Debug|x64
		Debug|x86 = Debug|x86
		Release|x64 = Release|x64
		Release|x86 = Release|x86
	EndGlobalSection
	GlobalSection(ProjectConfigurationPlatforms) = postSolution
		{D20560A2-181D-4A9B-B5E2-B2E4F197C0E6}.Debug|x64.ActiveCfg = Debug|x64
		{D20560A2-181D-4A9B-B5E2-B2E4F197C0E6}.Debug|x64.Build.0 = Debug|x64
		{D20560A2-181D-4A9B-B5E2-B2E4F197C0E6}.Debug|x86.ActiveCfg = Debug|Win32
		{D20560A2-181D-4A9B-B5E2-B2E4F197C0E6}.Debug|x86.Build.0 = Debug|Win32
		{D20560A2-181D-4A9B-B5E2-B2E4F197C0E6}.Release|x64.ActiveCfg = Release|x64
		{D20560A2-181D-4A9B-B5E2-B2E4F197C0E6}.Release|x64.Build.0 = Release|x64
		{D20560A2-181D-4A9B-B5E2-B2E4F197C0E6}.Release|x86.ActiveCfg = Release|Win32
		{D20560A2-181D-4A9B-B5E2-B2E4F197C0E6}.Release|x86.Build.0 = Release|Win32
		{08BAD416-175F-4B02-94C4-DEAFC4659A22}.Debug|x64.ActiveCfg = Debug|x64
		{08BAD416-175F-4B02-94C4-DEAFC4659A22}.Debug|x64.Build.0 = Debug|x64
		{08BAD416-175F-4B02-94C4-DEAFC4659A22}.Debug|x86.ActiveCfg = Debug|Win32
		{08BAD416-175F-4B02-94C4-DEAFC4659A22}.Debug|x86.Build.0 = Debug|Win32
		{08BAD416-175F-4B02-94C4-DEAFC4659A22}.Release|x64.ActiveCfg = Release|x64
		{08BAD416-175F-4B02-94C4-DEAFC4659A22}.Release|x64.Build.0 = Release|x64
		{08BAD416-175F-4B02-94C4-DEAFC4659A22}.Release|x86.ActiveCfg = Release|Win32
		{08BAD416-175F-4B02-94C4-DEAFC4659A22}.Release|x86.Build.0 = Release|Win32
		{70619AB8-D228-491C-864F-4209F9EA5A35}.Debug|x64.ActiveCfg = Debug|x64
		{70619AB8-D228-491C-864F-4209F9EA5A35}.Debug|x64.Build.0 = Debug|x64
		{70619AB8-D228-491C-864F-4209F9EA5A35}.Debug|x86.ActiveCfg = Debug|Win32
		{70619AB8-D228-491C-864F-4209F9EA5A35}.Debug|x86.Build.0 = Debug|Win32
		{70619AB8-D228-491C-864F-4209F9EA5A35}.Release|x64.ActiveCfg = Release|x64
		{70619AB8-D228-491C-864F-4209F9EA5A35}.Release|x64.Build.0 = Release|x64
		{70619AB8-D228-491C-864F-4209F9EA5A35}.Release|x86.ActiveCfg = Release|Win32
		{70619AB8-D228-491C-864F-4209F9EA5A35}.Release|x86.Build.0 = Release|Win32
		{E8854336-8250-4E5E-B8D9-B88F5A9B9CB8}.Debug|x64.ActiveCfg = Debug|x64
		{E8854336-8250-4E5E-B8D9-B88F5A9B9CB8}.Debug|x64.Build.0 = Debug|x64
		{E8854336-8250-4E5E-B8D9-B88F5A9B9CB8}.Debug|x86.ActiveCfg = Debug|Win32
		{E8854336-8250-4E5E-B8D9-B88F5A9B9CB8}.Debug|x86.Build.0 = Debug|Win32
		{E8854336-8250-4E5E-B8D9-B88F5A9B9CB8}.Release|x64.ActiveCfg = Release|x64
		{E8854336-8250-4E5E-B8D9-B88F5A9B9CB8}.Release|x64.Build.0 = Release|x64
		{E8854336-8250-4E5E-B8D9-B88F5A9B9CB8}.Release|x86.ActiveCfg = Release|Win32
		{E8854336-8250-4E5E-B8D9-B88F5A9B9CB8}.Release|x86.Build.0 = Release|Win32
		{ED2B7AD5-CC97-4F1F-A1EC-E2AFAEF466CD}.Debug|x64.ActiveCfg = Debug|x64
		{ED2B7AD5-CC97-4F1F-A1EC-E2AFAEF466CD}.Debug|x64.Build.0 = Debug|x64
		{ED2B7AD5-CC97-4F1F-A1EC-E2AFAEF466CD}.Debug|x86.ActiveCfg = Debug|Win32
		{ED2B7AD5-CC97-4F1F-A1EC-E2AFAEF466CD}.Debug|x86.Build.0 = Debug|Win32
		{ED2B7AD5-CC97-4F1F-A1EC-E2AFAEF466CD}.Release|x64.ActiveCfg = Release|x64
		{ED2B7AD5-CC97-4F1F-A1EC-E2AFAEF466CD}.Release|x64.Build.0 = Release|x64
		{ED2B7AD5-CC97-4F1F-A1EC-E2AFAEF466CD}.Release|x86.ActiveCfg = Release|Win32
		{ED2B7AD5-CC97-4F1F-A1EC-E2AFAEF466CD}.Release|x86.Build.0 = Release|Win32
		{49B26042-1280-47AC-80AB-4826E71067A6}.Debug|x64.ActiveCfg = Debug|x64
		{49B26042-1280-47AC-80AB-4826E71067A6}.Debug|x64.Build.0 = Debug|x64
		{49B26042-1280-47AC-80AB-4826E71067A6}.Debug|x86.ActiveCfg = Debug|Win32
		{49B26042-1280-47AC-80AB-4826E71067A6}.Debug|x86.Build.0 = Debug|Win32
		{49B26042-1280-47AC-80AB-4826E71067A6}.Release|x64.ActiveCfg = Release|x64
		{49B26042-1280-47AC-80AB-4826E71067A6}.Release|x64.Build.0 = Release|x64
		{49B26042-1280-47AC-80AB-4826E71067A6}.Release|x86.ActiveCfg = Release|Win32
		{49B26042-1280-47AC-80AB-4826E71067A6}.Release|x86.Build.0 = Release|Win32
		{09B901C4-7531-45BB-BA90-65A3EB829C8B}.Debug|x64.ActiveCfg = Debug|x64
		{09B901C4-7531-45BB-BA90-65A3EB829C8B}.Debug|x64.Build.0 = Debug|x64
		{09B901C4-7531-45BB-BA90-65A3EB829C8B}.Debug|x86.ActiveCfg = Debug|Win32
		{09B901C4-7531-45BB-BA90-65A3EB829C8B}.Debug|x86.Build.0 = Debug|Win32
		{09B901C4-7531-45BB-BA90-65A3EB829C8B}.Release|x64.ActiveCfg = Release|x64
		{09B901C4-7531-45BB-BA90-65A3EB829C8B}.Release|x64.Build.0 = Release|x64
		{09B901C4-7531-45BB-BA90-65A3EB829C8B}.Release|x86.ActiveCfg = Release|Win32
		{09B901C4-7531-45BB-BA90-65A3EB829C8B}.Release|x86.Build.0 = Release|Win32
		{51304EFB-1BB1-424B-98DB-3FCB3854B73A}.Debug|x64.ActiveCfg = Debug|x64
		{51304EFB-1BB1-424B-98DB-3FCB3854B73A}.Debug|x64.Build.0 = Debug|x64
		{51304EFB-1BB1-424B-98DB-3FCB3854B73A}.Debug|x86.ActiveCfg = Debug|Win32
		{51304EFB-1BB1-424B-98DB-3FCB3854B73A}.Debug|x86.Build.0 = Debug|Win32
		{51304EFB-1BB1-424B-98DB-3FCB3854B73A}.Release|x64.ActiveCfg = Release|x64
		{51304EFB-1BB1-424B-98DB-3FCB3854B73A}.Release|x64.Build.0 = Release|x64
		{51304EFB-1BB1-424B-98DB-3FCB3854B73A}.Release|x86.ActiveCfg = Release|Win32
		{51304EFB-1BB1-424B-98DB-3FCB3854B73A}.Release|x86.Build.0 = Release|Win32
		{0685192C-20E0-4D15-9867-89A1AB0B8B50}.Debug|x64.ActiveCfg = Debug|x64
		{0685192C-20E0-4D15-9867-89A1AB0B8B50}.Debug|x64.Build.0 = Debug|x64
		{0685192C-20E0-4D15-9867-89A1AB0B8B50}.Debug|x86.ActiveCfg = Debug|Win32
		{0685192C-20E0-4D15-9867-89A1AB0B8B50}.Debug|x86.Build.0 = Debug|Win32
		{0685192C-20E0-4D15-9867-89A1AB0B8B50}.Release|x64.ActiveCfg = Release|x64
		{0685192C-20E0-4D15-9867-89A1AB0B8B50}.Release|x64.Build.0 = Release|x64
		{0685192C-20E0-4D15-9867-89A1AB0B8B50}.Release|x86.ActiveCfg = Release|Win32
		{0685192C-20E0-4D15-9867-89A1AB0B8B50}.Release|x86.Build.0 = Release|Win32
	EndGlobalSection
	GlobalSection(SolutionProperties) = preSolution
		HideSolutionNode = FALSE
	EndGlobalSection
	GlobalSection(ExtensibilityGlobals) = postSolution
		SolutionGuid = {D5E6AEFD-657A-49AB-86F1-3684CED1795C}
	EndGlobalSection
EndGlobal
